
Microsoft Visual Studio Solution File, Format Version 12.00
# Visual Studio 15
VisualStudioVersion = 15.0.28307.572
MinimumVisualStudioVersion = 10.0.40219.1
Project("{FAE04EC0-301F-11D3-BF4B-00C04F79EFBC}") = "CoreServiceTest", "CoreServiceTest\CoreServiceTest.csproj", "{9CC9CA2F-12D6-4DB5-89B7-B0815C382719}"
EndProject
Global
	GlobalSection(SolutionConfigurationPlatforms) = preSolution
		Debug|Any CPU = Debug|Any CPU
		Release|Any CPU = Release|Any CPU
	EndGlobalSection
	GlobalSection(ProjectConfigurationPlatforms) = postSolution
		{9CC9CA2F-12D6-4DB5-89B7-B0815C382719}.Debug|Any CPU.ActiveCfg = Debug|Any CPU
		{9CC9CA2F-12D6-4DB5-89B7-B0815C382719}.Debug|Any CPU.Build.0 = Debug|Any CPU
		{9CC9CA2F-12D6-4DB5-89B7-B0815C382719}.Release|Any CPU.ActiveCfg = Release|Any CPU
		{9CC9CA2F-12D6-4DB5-89B7-B0815C382719}.Release|Any CPU.Build.0 = Release|Any CPU
	EndGlobalSection
	GlobalSection(SolutionProperties) = preSolution
		HideSolutionNode = FALSE
	EndGlobalSection
	GlobalSection(ExtensibilityGlobals) = postSolution
		SolutionGuid = {F2ED2538-ABE5-462E-BAF9-4629346F0758}
	EndGlobalSection
EndGlobal
